
Microsoft Visual Studio Solution File, Format Version 12.00
# Visual Studio Version 17
VisualStudioVersion = 17.13.35806.99
MinimumVisualStudioVersion = 10.0.40219.1
Project("{FAE04EC0-301F-11D3-BF4B-00C04F79EFBC}") = "NewMovieReleaseAPI", "NewMovieReleaseAPI\NewMovieReleaseAPI.csproj", "{420DE1A9-775E-411C-A8EE-D6741AF67696}"
EndProject
Project("{FAE04EC0-301F-11D3-BF4B-00C04F79EFBC}") = "MovieDetailsAPI", "MovieDetailsAPI\MovieDetailsAPI.csproj", "{2C203381-C9A3-4EC8-BDA5-0AA3BB73DE30}"
EndProject
Global
	GlobalSection(SolutionConfigurationPlatforms) = preSolution
		Debug|Any CPU = Debug|Any CPU
		Release|Any CPU = Release|Any CPU
	EndGlobalSection
	GlobalSection(ProjectConfigurationPlatforms) = postSolution
		{420DE1A9-775E-411C-A8EE-D6741AF67696}.Debug|Any CPU.ActiveCfg = Debug|Any CPU
		{420DE1A9-775E-411C-A8EE-D6741AF67696}.Debug|Any CPU.Build.0 = Debug|Any CPU
		{420DE1A9-775E-411C-A8EE-D6741AF67696}.Release|Any CPU.ActiveCfg = Release|Any CPU
		{420DE1A9-775E-411C-A8EE-D6741AF67696}.Release|Any CPU.Build.0 = Release|Any CPU
		{2C203381-C9A3-4EC8-BDA5-0AA3BB73DE30}.Debug|Any CPU.ActiveCfg = Debug|Any CPU
		{2C203381-C9A3-4EC8-BDA5-0AA3BB73DE30}.Debug|Any CPU.Build.0 = Debug|Any CPU
		{2C203381-C9A3-4EC8-BDA5-0AA3BB73DE30}.Release|Any CPU.ActiveCfg = Release|Any CPU
		{2C203381-C9A3-4EC8-BDA5-0AA3BB73DE30}.Release|Any CPU.Build.0 = Release|Any CPU
	EndGlobalSection
	GlobalSection(SolutionProperties) = preSolution
		HideSolutionNode = FALSE
	EndGlobalSection
	GlobalSection(ExtensibilityGlobals) = postSolution
		SolutionGuid = {53243A10-7A84-4951-8F7A-9FC06CF95933}
	EndGlobalSection
EndGlobal
